
Microsoft Visual Studio Solution File, Format Version 12.00
# Visual Studio Version 17
VisualStudioVersion = 17.11.35222.181
MinimumVisualStudioVersion = 10.0.40219.1
Project("{FAE04EC0-301F-11D3-BF4B-00C04F79EFBC}") = "ParallelProgrammingPractice", "ParallelProgrammingPractice\ParallelProgrammingPractice.csproj", "{657F09CA-BA45-4447-87E5-DDF460489152}"
EndProject
Global
	GlobalSection(SolutionConfigurationPlatforms) = preSolution
		Debug|Any CPU = Debug|Any CPU
		Release|Any CPU = Release|Any CPU
	EndGlobalSection
	GlobalSection(ProjectConfigurationPlatforms) = postSolution
		{657F09CA-BA45-4447-87E5-DDF460489152}.Debug|Any CPU.ActiveCfg = Debug|Any CPU
		{657F09CA-BA45-4447-87E5-DDF460489152}.Debug|Any CPU.Build.0 = Debug|Any CPU
		{657F09CA-BA45-4447-87E5-DDF460489152}.Release|Any CPU.ActiveCfg = Release|Any CPU
		{657F09CA-BA45-4447-87E5-DDF460489152}.Release|Any CPU.Build.0 = Release|Any CPU
	EndGlobalSection
	GlobalSection(SolutionProperties) = preSolution
		HideSolutionNode = FALSE
	EndGlobalSection
	GlobalSection(ExtensibilityGlobals) = postSolution
		SolutionGuid = {4DA1BA17-FA25-45DA-9F5F-7F42E67AFEF2}
	EndGlobalSection
EndGlobal
